{
  "name": "lambda",
  "version": "1.0.0",
  "lockfileVersion": 1,
  "requires": true,
  "dependencies": {
    "@types/aws-lambda": {
      "version": "8.10.62",
      "resolved": "https://registry.npmjs.org/@types/aws-lambda/-/aws-lambda-8.10.62.tgz",
      "integrity": "sha512-43XhJY5jvyH03U0cRsSqeHWhvmGZNoLzTPSAZ3JAqgG9p20uw+Sx9Auk5OAefJajd9ZcfjDJ/9lJ2BiBxfKJRw=="
    },
    "@types/uuid": {
      "version": "8.3.0",
      "resolved": "https://registry.npmjs.org/@types/uuid/-/uuid-8.3.0.tgz",
      "integrity": "sha512-eQ9qFW/fhfGJF8WKHGEHZEyVWfZxrT+6CLIJGBcZPfxUh/+BnEj+UCGYMlr9qZuX/2AltsvwrGqp0LhEW8D0zQ=="
    },
    "http-status-codes": {
      "version": "2.1.2",
      "resolved": "https://registry.npmjs.org/http-status-codes/-/http-status-codes-2.1.2.tgz",
      "integrity": "sha512-zpZ1nBcoR0j1FLQ7xbXXBy1z/yUfAi+0a5IZBoZnmOseYkaljdzQ17ZeVXFlK23IbLxMJn6aWI0uU92DQQrG0g=="
    },
    "uuid": {
      "version": "8.3.0",
      "resolved": "https://registry.npmjs.org/uuid/-/uuid-8.3.0.tgz",
      "integrity": "sha512-fX6Z5o4m6XsXBdli9g7DtWgAx+osMsRRZFKma1mIUsLCz6vRvv+pz5VNbyu9UEDzpMWulZfvpgb/cmDXVulYFQ=="
    }
  }
}
